// !$*UTF8*$!
{
	archiveVersion = 1;
	classes = {
	};
	objectVersion = 56;
	objects = {

/* Begin PBXBuildFile section */
		D3D080A52C00000100000001 /* LyricsWidgetApp.swift in Sources */ = {isa = PBXBuildFile; fileRef = D3D080A42C00000100000001 /* LyricsWidgetApp.swift */; };
		D3D080B12C00000200000001 /* LyricsModel.swift in Sources */ = {isa = PBXBuildFile; fileRef = D3D080B02C00000200000001 /* LyricsModel.swift */; };
		D3D080B12C00000200000002 /* LyricsAPI.swift in Sources */ = {isa = PBXBuildFile; fileRef = D3D080B02C00000200000002 /* LyricsAPI.swift */; };
		D3D080B12C00000200000003 /* LyricsStore.swift in Sources */ = {isa = PBXBuildFile; fileRef = D3D080B02C00000200000003 /* LyricsStore.swift */; };
		D3D080B12C00000200000004 /* LyricsSearchView.swift in Sources */ = {isa = PBXBuildFile; fileRef = D3D080B02C00000200000004 /* LyricsSearchView.swift */; };
		D3D080B12C00000200000005 /* LyricsDisplayView.swift in Sources */ = {isa = PBXBuildFile; fileRef = D3D080B02C00000200000005 /* LyricsDisplayView.swift */; };
		D3D080B12C00000200000006 /* SettingsView.swift in Sources */ = {isa = PBXBuildFile; fileRef = D3D080B02C00000200000006 /* SettingsView.swift */; };
		D3D080A92C00000100000003 /* Assets.xcassets in Resources */ = {isa = PBXBuildFile; fileRef = D3D080A82C00000100000003 /* Assets.xcassets */; };
		D3D080CA2C00000300000001 /* LyricsWidget.swift in Sources */ = {isa = PBXBuildFile; fileRef = D3D080C92C00000300000001 /* LyricsWidget.swift */; };
		D3D080CA2C00000300000002 /* LyricsWidgetBundle.swift in Sources */ = {isa = PBXBuildFile; fileRef = D3D080C92C00000300000002 /* LyricsWidgetBundle.swift */; };
		D3D080CA2C00000300000003 /* LyricsWidgetIntents.swift in Sources */ = {isa = PBXBuildFile; fileRef = D3D080C92C00000300000003 /* LyricsWidgetIntents.swift */; };
		D3D080CA2C00000300000004 /* LyricsTimelineProvider.swift in Sources */ = {isa = PBXBuildFile; fileRef = D3D080C92C00000300000004 /* LyricsTimelineProvider.swift */; };
		D3D080CA2C00000300000005 /* LyricsWidgetEntryView.swift in Sources */ = {isa = PBXBuildFile; fileRef = D3D080C92C00000300000005 /* LyricsWidgetEntryView.swift */; };
		D3D080CA2C00000300000006 /* LyricsModel.swift in Sources */ = {isa = PBXBuildFile; fileRef = D3D080B02C00000200000001 /* LyricsModel.swift */; };
		D3D080CA2C00000300000007 /* LyricsStore.swift in Sources */ = {isa = PBXBuildFile; fileRef = D3D080B02C00000200000003 /* LyricsStore.swift */; };
		D3D080B12C00000200000007 /* Theme.swift in Sources */ = {isa = PBXBuildFile; fileRef = D3D080B02C00000200000007 /* Theme.swift */; };
		D3D080CA2C00000300000008 /* Theme.swift in Sources */ = {isa = PBXBuildFile; fileRef = D3D080B02C00000200000007 /* Theme.swift */; };
		D3D080CC2C00000300000000 /* LyricsWidgetExtension.appex in Embed App Extensions */ = {isa = PBXBuildFile; fileRef = D3D080C32C00000300000000 /* LyricsWidgetExtension.appex */; settings = {ATTRIBUTES = (RemoveHeadersOnCopy, ); }; };
/* End PBXBuildFile section */

/* Begin PBXFileReference section */
		D3D080A12C00000100000000 /* LyricsWidget.app */ = {isa = PBXFileReference; explicitFileType = wrapper.application; includeInIndex = 0; path = LyricsWidget.app; sourceTree = BUILT_PRODUCTS_DIR; };
		D3D080A42C00000100000001 /* LyricsWidgetApp.swift */ = {isa = PBXFileReference; lastKnownFileType = sourcecode.swift; path = LyricsWidgetApp.swift; sourceTree = "<group>"; };
		D3D080B02C00000200000001 /* LyricsModel.swift */ = {isa = PBXFileReference; lastKnownFileType = sourcecode.swift; path = Models/LyricsModel.swift; sourceTree = "<group>"; };
		D3D080B02C00000200000002 /* LyricsAPI.swift */ = {isa = PBXFileReference; lastKnownFileType = sourcecode.swift; path = Services/LyricsAPI.swift; sourceTree = "<group>"; };
		D3D080B02C00000200000003 /* LyricsStore.swift */ = {isa = PBXFileReference; lastKnownFileType = sourcecode.swift; path = Storage/LyricsStore.swift; sourceTree = "<group>"; };
		D3D080B02C00000200000004 /* LyricsSearchView.swift */ = {isa = PBXFileReference; lastKnownFileType = sourcecode.swift; path = Views/LyricsSearchView.swift; sourceTree = "<group>"; };
		D3D080B02C00000200000005 /* LyricsDisplayView.swift */ = {isa = PBXFileReference; lastKnownFileType = sourcecode.swift; path = Views/LyricsDisplayView.swift; sourceTree = "<group>"; };
		D3D080B02C00000200000006 /* SettingsView.swift */ = {isa = PBXFileReference; lastKnownFileType = sourcecode.swift; path = Views/SettingsView.swift; sourceTree = "<group>"; };
		D3D080A82C00000100000003 /* Assets.xcassets */ = {isa = PBXFileReference; lastKnownFileType = folder.assetcatalog; path = Assets.xcassets; sourceTree = "<group>"; };
		D3D080C32C00000300000000 /* LyricsWidgetExtension.appex */ = {isa = PBXFileReference; explicitFileType = "wrapper.app-extension"; includeInIndex = 0; path = LyricsWidgetExtension.appex; sourceTree = BUILT_PRODUCTS_DIR; };
		D3D080C92C00000300000001 /* LyricsWidget.swift */ = {isa = PBXFileReference; lastKnownFileType = sourcecode.swift; path = LyricsWidget.swift; sourceTree = "<group>"; };
		D3D080C92C00000300000002 /* LyricsWidgetBundle.swift */ = {isa = PBXFileReference; lastKnownFileType = sourcecode.swift; path = LyricsWidgetBundle.swift; sourceTree = "<group>"; };
		D3D080C92C00000300000003 /* LyricsWidgetIntents.swift */ = {isa = PBXFileReference; lastKnownFileType = sourcecode.swift; path = LyricsWidgetIntents.swift; sourceTree = "<group>"; };
		D3D080C92C00000300000004 /* LyricsTimelineProvider.swift */ = {isa = PBXFileReference; lastKnownFileType = sourcecode.swift; path = LyricsTimelineProvider.swift; sourceTree = "<group>"; };
		D3D080C92C00000300000005 /* LyricsWidgetEntryView.swift */ = {isa = PBXFileReference; lastKnownFileType = sourcecode.swift; path = LyricsWidgetEntryView.swift; sourceTree = "<group>"; };
		D3D080B02C00000200000007 /* Theme.swift */ = {isa = PBXFileReference; lastKnownFileType = sourcecode.swift; path = Theme.swift; sourceTree = "<group>"; };
		D3D080C92C00000300000006 /* LyricsWidgetExtension.entitlements */ = {isa = PBXFileReference; lastKnownFileType = text.plist.entitlements; path = LyricsWidgetExtension.entitlements; sourceTree = "<group>"; };
		D3D080C92C00000300000007 /* LyricsWidget.entitlements */ = {isa = PBXFileReference; lastKnownFileType = text.plist.entitlements; path = LyricsWidget.entitlements; sourceTree = "<group>"; };
/* End PBXFileReference section */

/* Begin PBXFrameworksBuildPhase section */
		D3D0809E2C00000100000000 /* Frameworks */ = {
			isa = PBXFrameworksBuildPhase;
			buildActionMask = 2147483647;
			files = (
			);
			runOnlyForDeploymentPostprocessing = 0;
		};
		D3D080C72C00000300000000 /* Frameworks */ = {
			isa = PBXFrameworksBuildPhase;
			buildActionMask = 2147483647;
			files = (
			);
			runOnlyForDeploymentPostprocessing = 0;
		};
/* End PBXFrameworksBuildPhase section */

/* Begin PBXGroup section */
		D3D080982C00000100000000 = {
			isa = PBXGroup;
			children = (
				D3D080A32C00000100000000 /* LyricsWidget */,
				D3D080C22C00000300000000 /* LyricsWidgetExtension */,
				D3D080A22C00000100000000 /* Products */,
			);
			sourceTree = "<group>";
		};
		D3D080A22C00000100000000 /* Products */ = {
			isa = PBXGroup;
			children = (
				D3D080A12C00000100000000 /* LyricsWidget.app */,
				D3D080C32C00000300000000 /* LyricsWidgetExtension.appex */,
			);
			name = Products;
			sourceTree = "<group>";
		};
		D3D080A32C00000100000000 /* LyricsWidget */ = {
			isa = PBXGroup;
			children = (
				D3D080A42C00000100000001 /* LyricsWidgetApp.swift */,
				D3D080B02C00000200000001 /* LyricsModel.swift */,
				D3D080B02C00000200000002 /* LyricsAPI.swift */,
				D3D080B02C00000200000003 /* LyricsStore.swift */,
				D3D080B02C00000200000004 /* LyricsSearchView.swift */,
				D3D080B02C00000200000005 /* LyricsDisplayView.swift */,
				D3D080B02C00000200000006 /* SettingsView.swift */,
				D3D080B02C00000200000007 /* Theme.swift */,
				D3D080C92C00000300000007 /* LyricsWidget.entitlements */,
				D3D080A82C00000100000003 /* Assets.xcassets */,
			);
			path = LyricsWidget;
			sourceTree = "<group>";
		};
		D3D080C22C00000300000000 /* LyricsWidgetExtension */ = {
			isa = PBXGroup;
			children = (
				D3D080C92C00000300000001 /* LyricsWidget.swift */,
				D3D080C92C00000300000002 /* LyricsWidgetBundle.swift */,
				D3D080C92C00000300000003 /* LyricsWidgetIntents.swift */,
				D3D080C92C00000300000004 /* LyricsTimelineProvider.swift */,
				D3D080C92C00000300000005 /* LyricsWidgetEntryView.swift */,
				D3D080C92C00000300000006 /* LyricsWidgetExtension.entitlements */,
			);
			path = LyricsWidgetExtension;
			sourceTree = "<group>";
		};
/* End PBXGroup section */

/* Begin PBXNativeTarget section */
		D3D080A02C00000100000000 /* LyricsWidget */ = {
			isa = PBXNativeTarget;
			buildConfigurationList = D3D080AC2C00000100000000 /* Build configuration list for PBXNativeTarget "LyricsWidget" */;
			buildPhases = (
				D3D0809D2C00000100000000 /* Sources */,
				D3D0809E2C00000100000000 /* Frameworks */,
				D3D0809F2C00000100000000 /* Resources */,
				D3D080CB2C00000300000000 /* Embed App Extensions */,
			);
			buildRules = (
			);
			dependencies = (
				D3D080CD2C00000300000000 /* PBXTargetDependency */,
			);
			name = LyricsWidget;
			productName = LyricsWidget;
			productReference = D3D080A12C00000100000000 /* LyricsWidget.app */;
			productType = "com.apple.product-type.application";
		};
		D3D080C02C00000300000000 /* LyricsWidgetExtension */ = {
			isa = PBXNativeTarget;
			buildConfigurationList = D3D080C52C00000300000000 /* Build configuration list for PBXNativeTarget "LyricsWidgetExtension" */;
			buildPhases = (
				D3D080C62C00000300000000 /* Sources */,
				D3D080C72C00000300000000 /* Frameworks */,
				D3D080C82C00000300000000 /* Resources */,
			);
			buildRules = (
			);
			dependencies = (
			);
			name = LyricsWidgetExtension;
			productName = LyricsWidgetExtension;
			productReference = D3D080C32C00000300000000 /* LyricsWidgetExtension.appex */;
			productType = "com.apple.product-type.app-extension";
		};
/* End PBXNativeTarget section */

/* Begin PBXProject section */
		D3D080992C00000100000000 /* Project object */ = {
			isa = PBXProject;
			attributes = {
				BuildIndependentTargetsInParallel = 1;
				LastSwiftUpdateCheck = 1500;
				LastUpgradeCheck = 1500;
				TargetAttributes = {
					D3D080A02C00000100000000 = {
						CreatedOnToolsVersion = 15.0;
					};
					D3D080C02C00000300000000 = {
						CreatedOnToolsVersion = 15.0;
					};
				};
			};
			buildConfigurationList = D3D0809C2C00000100000000 /* Build configuration list for PBXProject "LyricsWidget" */;
			compatibilityVersion = "Xcode 14.0";
			developmentRegion = en;
			hasScannedForEncodings = 0;
			knownRegions = (
				en,
				Base,
			);
			mainGroup = D3D080982C00000100000000;
			productRefGroup = D3D080A22C00000100000000 /* Products */;
			projectDirPath = "";
			projectRoot = "";
			targets = (
				D3D080A02C00000100000000 /* LyricsWidget */,
				D3D080C02C00000300000000 /* LyricsWidgetExtension */,
			);
		};
/* End PBXProject section */

/* Begin PBXResourcesBuildPhase section */
		D3D0809F2C00000100000000 /* Resources */ = {
			isa = PBXResourcesBuildPhase;
			buildActionMask = 2147483647;
			files = (
				D3D080A92C00000100000003 /* Assets.xcassets in Resources */,
			);
			runOnlyForDeploymentPostprocessing = 0;
		};
		D3D080C82C00000300000000 /* Resources */ = {
			isa = PBXResourcesBuildPhase;
			buildActionMask = 2147483647;
			files = (
			);
			runOnlyForDeploymentPostprocessing = 0;
		};
/* End PBXResourcesBuildPhase section */

/* Begin PBXSourcesBuildPhase section */
		D3D0809D2C00000100000000 /* Sources */ = {
			isa = PBXSourcesBuildPhase;
			buildActionMask = 2147483647;
			files = (
				D3D080A52C00000100000001 /* LyricsWidgetApp.swift in Sources */,
				D3D080B12C00000200000001 /* LyricsModel.swift in Sources */,
				D3D080B12C00000200000002 /* LyricsAPI.swift in Sources */,
				D3D080B12C00000200000003 /* LyricsStore.swift in Sources */,
				D3D080B12C00000200000004 /* LyricsSearchView.swift in Sources */,
				D3D080B12C00000200000005 /* LyricsDisplayView.swift in Sources */,
				D3D080B12C00000200000006 /* SettingsView.swift in Sources */,
				D3D080B12C00000200000007 /* Theme.swift in Sources */,
			);
			runOnlyForDeploymentPostprocessing = 0;
		};
		D3D080C62C00000300000000 /* Sources */ = {
			isa = PBXSourcesBuildPhase;
			buildActionMask = 2147483647;
			files = (
				D3D080CA2C00000300000001 /* LyricsWidget.swift in Sources */,
				D3D080CA2C00000300000002 /* LyricsWidgetBundle.swift in Sources */,
				D3D080CA2C00000300000003 /* LyricsWidgetIntents.swift in Sources */,
				D3D080CA2C00000300000004 /* LyricsTimelineProvider.swift in Sources */,
				D3D080CA2C00000300000005 /* LyricsWidgetEntryView.swift in Sources */,
				D3D080CA2C00000300000006 /* LyricsModel.swift in Sources */,
				D3D080CA2C00000300000007 /* LyricsStore.swift in Sources */,
				D3D080CA2C00000300000008 /* Theme.swift in Sources */,
			);
			runOnlyForDeploymentPostprocessing = 0;
		};
/* End PBXSourcesBuildPhase section */

/* Begin PBXCopyFilesBuildPhase section */
		D3D080CB2C00000300000000 /* Embed App Extensions */ = {
			isa = PBXCopyFilesBuildPhase;
			buildActionMask = 2147483647;
			dstPath = "";
			dstSubfolderSpec = 13;
			files = (
				D3D080CC2C00000300000000 /* LyricsWidgetExtension.appex in Embed App Extensions */,
			);
			name = "Embed App Extensions";
			runOnlyForDeploymentPostprocessing = 0;
		};
/* End PBXCopyFilesBuildPhase section */

/* Begin PBXTargetDependency section */
		D3D080CD2C00000300000000 /* PBXTargetDependency */ = {
			isa = PBXTargetDependency;
			target = D3D080C02C00000300000000 /* LyricsWidgetExtension */;
			targetProxy = D3D080CE2C00000300000000 /* PBXContainerItemProxy */;
		};
/* End PBXTargetDependency section */

/* Begin PBXContainerItemProxy section */
		D3D080CE2C00000300000000 /* PBXContainerItemProxy */ = {
			isa = PBXContainerItemProxy;
			containerPortal = D3D080992C00000100000000 /* Project object */;
			proxyType = 1;
			remoteGlobalIDString = D3D080C02C00000300000000;
			remoteInfo = LyricsWidgetExtension;
		};
/* End PBXContainerItemProxy section */

/* Begin XCBuildConfiguration section */
		D3D080AA2C00000100000000 /* Debug */ = {
			isa = XCBuildConfiguration;
			buildSettings = {
				ALWAYS_SEARCH_USER_PATHS = NO;
				ASSETCATALOG_COMPILER_GENERATE_ASSET_SYMBOLS = YES;
				CLANG_ANALYZER_NONNULL = YES;
				CLANG_ANALYZER_NUMBER_OBJECT_CONVERSION = YES_AGGRESSIVE;
				CLANG_CXX_LANGUAGE_STANDARD = "gnu++20";
				CLANG_ENABLE_MODULES = YES;
				CLANG_ENABLE_OBJC_ARC = YES;
				CLANG_ENABLE_OBJC_WEAK = YES;
				CLANG_WARN_BLOCK_CAPTURE_AUTORELEASING = YES;
				CLANG_WARN_BOOL_CONVERSION = YES;
				CLANG_WARN_COMMA = YES;
				CLANG_WARN_CONSTANT_CONVERSION = YES;
				CLANG_WARN_DEPRECATED_OBJC_IMPLEMENTATIONS = YES;
				CLANG_WARN_DIRECT_OBJC_REPRODUCIBLE_FILES = YES;
				CLANG_WARN_DOCUMENTATION_COMMENTS = YES;
				CLANG_WARN_EMPTY_BODY = YES;
				CLANG_WARN_ENUM_CONVERSION = YES;
				CLANG_WARN_INFINITE_RECURSION = YES;
				CLANG_WARN_INT_CONVERSION = YES;
				CLANG_WARN_NON_LITERAL_NULL_CONVERSION = YES;
				CLANG_WARN_OBJC_IMPLICIT_RETAIN_SELF = YES;
				CLANG_WARN_OBJC_LITERAL_CONVERSION = YES;
				CLANG_WARN_OBJC_ROOT_CLASS = YES_ERROR;
				CLANG_WARN_QUOTED_INCLUDE_IN_FRAMEWORK_HEADER = YES;
				CLANG_WARN_RANGE_LOOP_ANALYSIS = YES;
				CLANG_WARN_STRICT_PROTOTYPES = YES;
				CLANG_WARN_SUSPICIOUS_MOVE = YES;
				CLANG_WARN_UNGUARDED_AVAILABILITY = YES_AGGRESSIVE;
				CLANG_WARN_UNREACHABLE_CODE = YES;
				CLANG_WARN__DUPLICATE_METHOD_MATCH = YES;
				COPY_PHASE_STRIP = NO;
				DEBUG_INFORMATION_FORMAT = dwarf;
				ENABLE_STRICT_OBJC_MSGSEND = YES;
				ENABLE_TESTABILITY = YES;
				ENABLE_USER_SCRIPT_SANDBOXING = YES;
				GCC_C_LANGUAGE_STANDARD = gnu17;
				GCC_DYNAMIC_NO_PIC = NO;
				GCC_NO_COMMON_BLOCKS = YES;
				GCC_OPTIMIZATION_LEVEL = 0;
				GCC_PREPROCESSOR_DEFINITIONS = (
					"DEBUG=1",
					"$(inherited)",
				);
				GCC_WARN_64_TO_32_BIT_CONVERSION = YES;
				GCC_WARN_ABOUT_RETURN_TYPE = YES_ERROR;
				GCC_WARN_UNDECLARED_SELECTOR = YES;
				GCC_WARN_UNINITIALIZED_ACTUAL = YES_AGGRESSIVE;
				GCC_WARN_UNUSED_FUNCTION = YES;
				GCC_WARN_UNUSED_VARIABLE = YES;
				IPHONEOS_DEPLOYMENT_TARGET = 17.0;
				MTL_ENABLE_DEBUG_INFO = INCLUDE_SOURCE;
				MTL_FAST_MATH = YES;
				ONLY_ACTIVE_ARCH = YES;
				SDKROOT = iphoneos;
				SWIFT_ACTIVE_COMPILATION_CONDITIONS = "DEBUG $(inherited)";
				SWIFT_OPTIMIZATION_LEVEL = "-Onone";
			};
			name = Debug;
		};
		D3D080AB2C00000100000000 /* Release */ = {
			isa = XCBuildConfiguration;
			buildSettings = {
				ALWAYS_SEARCH_USER_PATHS = NO;
				ASSETCATALOG_COMPILER_GENERATE_ASSET_SYMBOLS = YES;
				CLANG_ANALYZER_NONNULL = YES;
				CLANG_ANALYZER_NUMBER_OBJECT_CONVERSION = YES_AGGRESSIVE;
				CLANG_CXX_LANGUAGE_STANDARD = "gnu++20";
				CLANG_ENABLE_MODULES = YES;
				CLANG_ENABLE_OBJC_ARC = YES;
				CLANG_ENABLE_OBJC_WEAK = YES;
				CLANG_WARN_BLOCK_CAPTURE_AUTORELEASING = YES;
				CLANG_WARN_BOOL_CONVERSION = YES;
				CLANG_WARN_COMMA = YES;
				CLANG_WARN_CONSTANT_CONVERSION = YES;
				CLANG_WARN_DEPRECATED_OBJC_IMPLEMENTATIONS = YES;
				CLANG_WARN_DIRECT_OBJC_REPRODUCIBLE_FILES = YES;
				CLANG_WARN_DOCUMENTATION_COMMENTS = YES;
				CLANG_WARN_EMPTY_BODY = YES;
				CLANG_WARN_ENUM_CONVERSION = YES;
				CLANG_WARN_INFINITE_RECURSION = YES;
				CLANG_WARN_INT_CONVERSION = YES;
				CLANG_WARN_NON_LITERAL_NULL_CONVERSION = YES;
				CLANG_WARN_OBJC_IMPLICIT_RETAIN_SELF = YES;
				CLANG_WARN_OBJC_LITERAL_CONVERSION = YES;
				CLANG_WARN_OBJC_ROOT_CLASS = YES_ERROR;
				CLANG_WARN_QUOTED_INCLUDE_IN_FRAMEWORK_HEADER = YES;
				CLANG_WARN_RANGE_LOOP_ANALYSIS = YES;
				CLANG_WARN_STRICT_PROTOTYPES = YES;
				CLANG_WARN_SUSPICIOUS_MOVE = YES;
				CLANG_WARN_UNGUARDED_AVAILABILITY = YES_AGGRESSIVE;
				CLANG_WARN_UNREACHABLE_CODE = YES;
				CLANG_WARN__DUPLICATE_METHOD_MATCH = YES;
				COPY_PHASE_STRIP = YES;
				DEBUG_INFORMATION_FORMAT = "dwarf-with-dsym";
				ENABLE_NS_ASSERTIONS = NO;
				ENABLE_STRICT_OBJC_MSGSEND = YES;
				ENABLE_USER_SCRIPT_SANDBOXING = YES;
				GCC_C_LANGUAGE_STANDARD = gnu17;
				GCC_NO_COMMON_BLOCKS = YES;
				GCC_WARN_64_TO_32_BIT_CONVERSION = YES;
				GCC_WARN_ABOUT_RETURN_TYPE = YES_ERROR;
				GCC_WARN_UNDECLARED_SELECTOR = YES;
				GCC_WARN_UNINITIALIZED_ACTUAL = YES_AGGRESSIVE;
				GCC_WARN_UNUSED_FUNCTION = YES;
				GCC_WARN_UNUSED_VARIABLE = YES;
				IPHONEOS_DEPLOYMENT_TARGET = 17.0;
				MTL_ENABLE_DEBUG_INFO = NO;
				MTL_FAST_MATH = YES;
				SDKROOT = iphoneos;
				SWIFT_COMPILATION_MODE = wholemodule;
				SWIFT_OPTIMIZATION_LEVEL = "-O";
				VALIDATE_PRODUCT = YES;
			};
			name = Release;
		};
		D3D080AD2C00000100000000 /* Debug */ = {
			isa = XCBuildConfiguration;
			buildSettings = {
				ASSETCATALOG_COMPILER_APPICON_NAME = AppIcon;
				ASSETCATALOG_COMPILER_GLOBAL_ACCENT_COLOR_NAME = AccentColor;
				CODE_SIGN_ENTITLEMENTS = LyricsWidget/LyricsWidget.entitlements;
				CODE_SIGN_STYLE = Automatic;
				CURRENT_PROJECT_VERSION = 1;
				DEVELOPMENT_ASSET_PATHS = "\"LyricsWidget/Preview Content\"";
				ENABLE_PREVIEWS = YES;
				GENERATE_INFOPLIST_FILE = YES;
				INFOPLIST_KEY_UIApplicationSceneManifest_Generation = YES;
				INFOPLIST_KEY_UILaunchScreen_Generation = YES;
				LD_RUNPATH_SEARCH_PATHS = (
					"$(inherited)",
					"@executable_path/Frameworks",
				);
				MARKETING_VERSION = 1.0;
				PRODUCT_BUNDLE_IDENTIFIER = com.lyrico.LyricsWidget;
				PRODUCT_NAME = "$(TARGET_NAME)";
				SWIFT_EMIT_LOC_STRINGS = YES;
				SWIFT_VERSION = 5.0;
				TARGETED_DEVICE_FAMILY = "1,2";
			};
			name = Debug;
		};
		D3D080AE2C00000100000000 /* Release */ = {
			isa = XCBuildConfiguration;
			buildSettings = {
				ASSETCATALOG_COMPILER_APPICON_NAME = AppIcon;
				ASSETCATALOG_COMPILER_GLOBAL_ACCENT_COLOR_NAME = AccentColor;
				CODE_SIGN_ENTITLEMENTS = LyricsWidget/LyricsWidget.entitlements;
				CODE_SIGN_STYLE = Automatic;
				CURRENT_PROJECT_VERSION = 1;
				DEVELOPMENT_ASSET_PATHS = "\"LyricsWidget/Preview Content\"";
				ENABLE_PREVIEWS = YES;
				GENERATE_INFOPLIST_FILE = YES;
				INFOPLIST_KEY_UIApplicationSceneManifest_Generation = YES;
				INFOPLIST_KEY_UILaunchScreen_Generation = YES;
				LD_RUNPATH_SEARCH_PATHS = (
					"$(inherited)",
					"@executable_path/Frameworks",
				);
				MARKETING_VERSION = 1.0;
				PRODUCT_BUNDLE_IDENTIFIER = com.lyrico.LyricsWidget;
				PRODUCT_NAME = "$(TARGET_NAME)";
				SWIFT_EMIT_LOC_STRINGS = YES;
				SWIFT_VERSION = 5.0;
				TARGETED_DEVICE_FAMILY = "1,2";
			};
			name = Release;
		};
		D3D080C92C00000300000010 /* Debug */ = {
			isa = XCBuildConfiguration;
			buildSettings = {
				CODE_SIGN_ENTITLEMENTS = LyricsWidgetExtension/LyricsWidgetExtension.entitlements;
				CODE_SIGN_STYLE = Automatic;
				CURRENT_PROJECT_VERSION = 1;
				GENERATE_INFOPLIST_FILE = YES;
				INFOPLIST_FILE = LyricsWidgetExtension/Info.plist;
				INFOPLIST_KEY_CFBundleDisplayName = "Lyrico Widget";
				LD_RUNPATH_SEARCH_PATHS = (
					"$(inherited)",
					"@executable_path/Frameworks",
					"@executable_path/../../Frameworks",
				);
				MARKETING_VERSION = 1.0;
				PRODUCT_BUNDLE_IDENTIFIER = com.lyrico.LyricsWidget.LyricsWidgetExtension;
				PRODUCT_NAME = "$(TARGET_NAME)";
				SKIP_INSTALL = YES;
				SWIFT_VERSION = 5.0;
				TARGETED_DEVICE_FAMILY = "1,2";
			};
			name = Debug;
		};
		D3D080C92C00000300000011 /* Release */ = {
			isa = XCBuildConfiguration;
			buildSettings = {
				CODE_SIGN_ENTITLEMENTS = LyricsWidgetExtension/LyricsWidgetExtension.entitlements;
				CODE_SIGN_STYLE = Automatic;
				CURRENT_PROJECT_VERSION = 1;
				GENERATE_INFOPLIST_FILE = YES;
				INFOPLIST_FILE = LyricsWidgetExtension/Info.plist;
				INFOPLIST_KEY_CFBundleDisplayName = "Lyrico Widget";
				LD_RUNPATH_SEARCH_PATHS = (
					"$(inherited)",
					"@executable_path/Frameworks",
					"@executable_path/../../Frameworks",
				);
				MARKETING_VERSION = 1.0;
				PRODUCT_BUNDLE_IDENTIFIER = com.lyrico.LyricsWidget.LyricsWidgetExtension;
				PRODUCT_NAME = "$(TARGET_NAME)";
				SKIP_INSTALL = YES;
				SWIFT_VERSION = 5.0;
				TARGETED_DEVICE_FAMILY = "1,2";
			};
			name = Release;
		};
/* End XCBuildConfiguration section */

/* Begin XCConfigurationList section */
		D3D0809C2C00000100000000 /* Build configuration list for PBXProject "LyricsWidget" */ = {
			isa = XCConfigurationList;
			buildConfigurations = (
				D3D080AA2C00000100000000 /* Debug */,
				D3D080AB2C00000100000000 /* Release */,
			);
			defaultConfigurationIsVisible = 0;
			defaultConfigurationName = Release;
		};
		D3D080AC2C00000100000000 /* Build configuration list for PBXNativeTarget "LyricsWidget" */ = {
			isa = XCConfigurationList;
			buildConfigurations = (
				D3D080AD2C00000100000000 /* Debug */,
				D3D080AE2C00000100000000 /* Release */,
			);
			defaultConfigurationIsVisible = 0;
			defaultConfigurationName = Release;
		};
		D3D080C52C00000300000000 /* Build configuration list for PBXNativeTarget "LyricsWidgetExtension" */ = {
			isa = XCConfigurationList;
			buildConfigurations = (
				D3D080C92C00000300000010 /* Debug */,
				D3D080C92C00000300000011 /* Release */,
			);
			defaultConfigurationIsVisible = 0;
			defaultConfigurationName = Release;
		};
/* End XCConfigurationList section */
	};
	rootObject = D3D080992C00000100000000 /* Project object */;
}
